{
  "name": "orbit",
  "lockfileVersion": 3,
  "requires": true,
  "packages": {
    "": {
      "name": "orbit",
      "workspaces": [
        "apps/*",
        "services/*",
        "packages/*"
      ],
      "engines": {
        "node": "22.x"
      }
    },
    "apps/web": {
      "name": "@orbit/web",
      "version": "0.0.0",
      "engines": {
        "node": "22.x"
      }
    },
    "node_modules/@orbit/api": {
      "resolved": "services/api",
      "link": true
    },
    "node_modules/@orbit/contracts": {
      "resolved": "packages/contracts",
      "link": true
    },
    "node_modules/@orbit/data-gen": {
      "resolved": "packages/data-gen",
      "link": true
    },
    "node_modules/@orbit/kpi-framework": {
      "resolved": "packages/kpi-framework",
      "link": true
    },
    "node_modules/@orbit/ui-kit": {
      "resolved": "packages/ui-kit",
      "link": true
    },
    "node_modules/@orbit/web": {
      "resolved": "apps/web",
      "link": true
    },
    "packages/contracts": {
      "name": "@orbit/contracts",
      "version": "0.0.0",
      "engines": {
        "node": "22.x"
      }
    },
    "packages/data-gen": {
      "name": "@orbit/data-gen",
      "version": "0.0.0",
      "engines": {
        "node": "22.x"
      }
    },
    "packages/kpi-framework": {
      "name": "@orbit/kpi-framework",
      "version": "0.0.0",
      "engines": {
        "node": "22.x"
      }
    },
    "packages/ui-kit": {
      "name": "@orbit/ui-kit",
      "version": "0.0.0",
      "engines": {
        "node": "22.x"
      }
    },
    "services/api": {
      "name": "@orbit/api",
      "version": "0.0.0",
      "engines": {
        "node": "22.x"
      }
    }
  }
}
